
Microsoft Visual Studio Solution File, Format Version 12.00
# Visual Studio 14
VisualStudioVersion = 14.0.25420.1
MinimumVisualStudioVersion = 10.0.40219.1
Project("{FAE04EC0-301F-11D3-BF4B-00C04F79EFBC}") = "WebAPI.Swagger.Example", "WebAPI.Swagger.Example\WebAPI.Swagger.Example.csproj", "{302312D6-A695-44E3-AC79-454BE581C403}"
EndProject
Project("{FAE04EC0-301F-11D3-BF4B-00C04F79EFBC}") = "WebAPI.Swagger.Example.Tests", "WebAPI.Swagger.Example.Tests\WebAPI.Swagger.Example.Tests.csproj", "{17E823D7-CD5C-4661-9482-8B16ADE1A252}"
EndProject
Project("{2150E333-8FDC-42A3-9474-1A3956D46DE8}") = "Solution Items", "Solution Items", "{B36F8C69-8F00-4E79-A167-730B668577B6}"
	ProjectSection(SolutionItems) = preProject
		README.md = README.md
	EndProjectSection
EndProject
Global
	GlobalSection(SolutionConfigurationPlatforms) = preSolution
		Debug|Any CPU = Debug|Any CPU
		Release|Any CPU = Release|Any CPU
	EndGlobalSection
	GlobalSection(ProjectConfigurationPlatforms) = postSolution
		{302312D6-A695-44E3-AC79-454BE581C403}.Debug|Any CPU.ActiveCfg = Debug|Any CPU
		{302312D6-A695-44E3-AC79-454BE581C403}.Debug|Any CPU.Build.0 = Debug|Any CPU
		{302312D6-A695-44E3-AC79-454BE581C403}.Release|Any CPU.ActiveCfg = Release|Any CPU
		{302312D6-A695-44E3-AC79-454BE581C403}.Release|Any CPU.Build.0 = Release|Any CPU
		{17E823D7-CD5C-4661-9482-8B16ADE1A252}.Debug|Any CPU.ActiveCfg = Debug|Any CPU
		{17E823D7-CD5C-4661-9482-8B16ADE1A252}.Debug|Any CPU.Build.0 = Debug|Any CPU
		{17E823D7-CD5C-4661-9482-8B16ADE1A252}.Release|Any CPU.ActiveCfg = Release|Any CPU
		{17E823D7-CD5C-4661-9482-8B16ADE1A252}.Release|Any CPU.Build.0 = Release|Any CPU
	EndGlobalSection
	GlobalSection(SolutionProperties) = preSolution
		HideSolutionNode = FALSE
	EndGlobalSection
EndGlobal
